
Microsoft Visual Studio Solution File, Format Version 12.00
# Visual Studio 15
VisualStudioVersion = 15.0.28307.106
MinimumVisualStudioVersion = 10.0.40219.1
Project("{8BC9CEB8-8B4A-11D0-8D11-00A0C91BC942}") = "Multithreading1", "Multithreading1\Multithreading1.vcxproj", "{D888F5B3-A53E-4A08-BD20-D4BC2C7FD8A0}"
EndProject
Project("{8BC9CEB8-8B4A-11D0-8D11-00A0C91BC942}") = "Multithreading 3", "Multithreading 3\Multithreading 3.vcxproj", "{339E2D7A-03DC-4FF9-9409-C6BF2CA2A217}"
EndProject
Project("{8BC9CEB8-8B4A-11D0-8D11-00A0C91BC942}") = "Server", "Server\Server.vcxproj", "{43605BC7-BABC-4BA1-B54A-B6CAA1C39C86}"
EndProject
Project("{8BC9CEB8-8B4A-11D0-8D11-00A0C91BC942}") = "Client", "Client\Client.vcxproj", "{84620379-48D3-4249-9ECC-7709B4AC5421}"
EndProject
Project("{FAE04EC0-301F-11D3-BF4B-00C04F79EFBC}") = "GameNetworking 1 Client", "GameNetworking 1\GameNetworking 1 Client.csproj", "{0A0EA1C2-D220-46FD-8BB3-9850E5A2DBF8}"
EndProject
Project("{FAE04EC0-301F-11D3-BF4B-00C04F79EFBC}") = "GameNetworking 1 Server", "GameNetworking 1 Server\GameNetworking 1 Server.csproj", "{B889B3C0-E4FF-4BA4-A490-CEFCBC872EA7}"
EndProject
Global
	GlobalSection(SolutionConfigurationPlatforms) = preSolution
		Debug|Any CPU = Debug|Any CPU
		Debug|ARM = Debug|ARM
		Debug|ARM64 = Debug|ARM64
		Debug|x64 = Debug|x64
		Debug|x86 = Debug|x86
		Release|Any CPU = Release|Any CPU
		Release|ARM = Release|ARM
		Release|ARM64 = Release|ARM64
		Release|x64 = Release|x64
		Release|x86 = Release|x86
	EndGlobalSection
	GlobalSection(ProjectConfigurationPlatforms) = postSolution
		{D888F5B3-A53E-4A08-BD20-D4BC2C7FD8A0}.Debug|Any CPU.ActiveCfg = Debug|Win32
		{D888F5B3-A53E-4A08-BD20-D4BC2C7FD8A0}.Debug|ARM.ActiveCfg = Debug|Win32
		{D888F5B3-A53E-4A08-BD20-D4BC2C7FD8A0}.Debug|ARM64.ActiveCfg = Debug|Win32
		{D888F5B3-A53E-4A08-BD20-D4BC2C7FD8A0}.Debug|x64.ActiveCfg = Debug|x64
		{D888F5B3-A53E-4A08-BD20-D4BC2C7FD8A0}.Debug|x64.Build.0 = Debug|x64
		{D888F5B3-A53E-4A08-BD20-D4BC2C7FD8A0}.Debug|x86.ActiveCfg = Debug|Win32
		{D888F5B3-A53E-4A08-BD20-D4BC2C7FD8A0}.Debug|x86.Build.0 = Debug|Win32
		{D888F5B3-A53E-4A08-BD20-D4BC2C7FD8A0}.Release|Any CPU.ActiveCfg = Release|Win32
		{D888F5B3-A53E-4A08-BD20-D4BC2C7FD8A0}.Release|ARM.ActiveCfg = Release|Win32
		{D888F5B3-A53E-4A08-BD20-D4BC2C7FD8A0}.Release|ARM64.ActiveCfg = Release|Win32
		{D888F5B3-A53E-4A08-BD20-D4BC2C7FD8A0}.Release|x64.ActiveCfg = Release|x64
		{D888F5B3-A53E-4A08-BD20-D4BC2C7FD8A0}.Release|x64.Build.0 = Release|x64
		{D888F5B3-A53E-4A08-BD20-D4BC2C7FD8A0}.Release|x86.ActiveCfg = Release|Win32
		{D888F5B3-A53E-4A08-BD20-D4BC2C7FD8A0}.Release|x86.Build.0 = Release|Win32
		{339E2D7A-03DC-4FF9-9409-C6BF2CA2A217}.Debug|Any CPU.ActiveCfg = Debug|Win32
		{339E2D7A-03DC-4FF9-9409-C6BF2CA2A217}.Debug|ARM.ActiveCfg = Debug|Win32
		{339E2D7A-03DC-4FF9-9409-C6BF2CA2A217}.Debug|ARM64.ActiveCfg = Debug|Win32
		{339E2D7A-03DC-4FF9-9409-C6BF2CA2A217}.Debug|x64.ActiveCfg = Debug|x64
		{339E2D7A-03DC-4FF9-9409-C6BF2CA2A217}.Debug|x64.Build.0 = Debug|x64
		{339E2D7A-03DC-4FF9-9409-C6BF2CA2A217}.Debug|x86.ActiveCfg = Debug|Win32
		{339E2D7A-03DC-4FF9-9409-C6BF2CA2A217}.Debug|x86.Build.0 = Debug|Win32
		{339E2D7A-03DC-4FF9-9409-C6BF2CA2A217}.Release|Any CPU.ActiveCfg = Release|Win32
		{339E2D7A-03DC-4FF9-9409-C6BF2CA2A217}.Release|ARM.ActiveCfg = Release|Win32
		{339E2D7A-03DC-4FF9-9409-C6BF2CA2A217}.Release|ARM64.ActiveCfg = Release|Win32
		{339E2D7A-03DC-4FF9-9409-C6BF2CA2A217}.Release|x64.ActiveCfg = Release|x64
		{339E2D7A-03DC-4FF9-9409-C6BF2CA2A217}.Release|x64.Build.0 = Release|x64
		{339E2D7A-03DC-4FF9-9409-C6BF2CA2A217}.Release|x86.ActiveCfg = Release|Win32
		{339E2D7A-03DC-4FF9-9409-C6BF2CA2A217}.Release|x86.Build.0 = Release|Win32
		{43605BC7-BABC-4BA1-B54A-B6CAA1C39C86}.Debug|Any CPU.ActiveCfg = Debug|Win32
		{43605BC7-BABC-4BA1-B54A-B6CAA1C39C86}.Debug|ARM.ActiveCfg = Debug|Win32
		{43605BC7-BABC-4BA1-B54A-B6CAA1C39C86}.Debug|ARM64.ActiveCfg = Debug|Win32
		{43605BC7-BABC-4BA1-B54A-B6CAA1C39C86}.Debug|x64.ActiveCfg = Debug|x64
		{43605BC7-BABC-4BA1-B54A-B6CAA1C39C86}.Debug|x64.Build.0 = Debug|x64
		{43605BC7-BABC-4BA1-B54A-B6CAA1C39C86}.Debug|x86.ActiveCfg = Debug|Win32
		{43605BC7-BABC-4BA1-B54A-B6CAA1C39C86}.Debug|x86.Build.0 = Debug|Win32
		{43605BC7-BABC-4BA1-B54A-B6CAA1C39C86}.Release|Any CPU.ActiveCfg = Release|Win32
		{43605BC7-BABC-4BA1-B54A-B6CAA1C39C86}.Release|ARM.ActiveCfg = Release|Win32
		{43605BC7-BABC-4BA1-B54A-B6CAA1C39C86}.Release|ARM64.ActiveCfg = Release|Win32
		{43605BC7-BABC-4BA1-B54A-B6CAA1C39C86}.Release|x64.ActiveCfg = Release|x64
		{43605BC7-BABC-4BA1-B54A-B6CAA1C39C86}.Release|x64.Build.0 = Release|x64
		{43605BC7-BABC-4BA1-B54A-B6CAA1C39C86}.Release|x86.ActiveCfg = Release|Win32
		{43605BC7-BABC-4BA1-B54A-B6CAA1C39C86}.Release|x86.Build.0 = Release|Win32
		{84620379-48D3-4249-9ECC-7709B4AC5421}.Debug|Any CPU.ActiveCfg = Debug|Win32
		{84620379-48D3-4249-9ECC-7709B4AC5421}.Debug|ARM.ActiveCfg = Debug|Win32
		{84620379-48D3-4249-9ECC-7709B4AC5421}.Debug|ARM64.ActiveCfg = Debug|Win32
		{84620379-48D3-4249-9ECC-7709B4AC5421}.Debug|x64.ActiveCfg = Debug|x64
		{84620379-48D3-4249-9ECC-7709B4AC5421}.Debug|x64.Build.0 = Debug|x64
		{84620379-48D3-4249-9ECC-7709B4AC5421}.Debug|x86.ActiveCfg = Debug|Win32
		{84620379-48D3-4249-9ECC-7709B4AC5421}.Debug|x86.Build.0 = Debug|Win32
		{84620379-48D3-4249-9ECC-7709B4AC5421}.Release|Any CPU.ActiveCfg = Release|Win32
		{84620379-48D3-4249-9ECC-7709B4AC5421}.Release|ARM.ActiveCfg = Release|Win32
		{84620379-48D3-4249-9ECC-7709B4AC5421}.Release|ARM64.ActiveCfg = Release|Win32
		{84620379-48D3-4249-9ECC-7709B4AC5421}.Release|x64.ActiveCfg = Release|x64
		{84620379-48D3-4249-9ECC-7709B4AC5421}.Release|x64.Build.0 = Release|x64
		{84620379-48D3-4249-9ECC-7709B4AC5421}.Release|x86.ActiveCfg = Release|Win32
		{84620379-48D3-4249-9ECC-7709B4AC5421}.Release|x86.Build.0 = Release|Win32
		{0A0EA1C2-D220-46FD-8BB3-9850E5A2DBF8}.Debug|Any CPU.ActiveCfg = Debug|Any CPU
		{0A0EA1C2-D220-46FD-8BB3-9850E5A2DBF8}.Debug|Any CPU.Build.0 = Debug|Any CPU
		{0A0EA1C2-D220-46FD-8BB3-9850E5A2DBF8}.Debug|ARM.ActiveCfg = Debug|Any CPU
		{0A0EA1C2-D220-46FD-8BB3-9850E5A2DBF8}.Debug|ARM.Build.0 = Debug|Any CPU
		{0A0EA1C2-D220-46FD-8BB3-9850E5A2DBF8}.Debug|ARM64.ActiveCfg = Debug|Any CPU
		{0A0EA1C2-D220-46FD-8BB3-9850E5A2DBF8}.Debug|ARM64.Build.0 = Debug|Any CPU
		{0A0EA1C2-D220-46FD-8BB3-9850E5A2DBF8}.Debug|x64.ActiveCfg = Debug|Any CPU
		{0A0EA1C2-D220-46FD-8BB3-9850E5A2DBF8}.Debug|x64.Build.0 = Debug|Any CPU
		{0A0EA1C2-D220-46FD-8BB3-9850E5A2DBF8}.Debug|x86.ActiveCfg = Debug|Any CPU
		{0A0EA1C2-D220-46FD-8BB3-9850E5A2DBF8}.Debug|x86.Build.0 = Debug|Any CPU
		{0A0EA1C2-D220-46FD-8BB3-9850E5A2DBF8}.Release|Any CPU.ActiveCfg = Release|Any CPU
		{0A0EA1C2-D220-46FD-8BB3-9850E5A2DBF8}.Release|Any CPU.Build.0 = Release|Any CPU
		{0A0EA1C2-D220-46FD-8BB3-9850E5A2DBF8}.Release|ARM.ActiveCfg = Release|Any CPU
		{0A0EA1C2-D220-46FD-8BB3-9850E5A2DBF8}.Release|ARM.Build.0 = Release|Any CPU
		{0A0EA1C2-D220-46FD-8BB3-9850E5A2DBF8}.Release|ARM64.ActiveCfg = Release|Any CPU
		{0A0EA1C2-D220-46FD-8BB3-9850E5A2DBF8}.Release|ARM64.Build.0 = Release|Any CPU
		{0A0EA1C2-D220-46FD-8BB3-9850E5A2DBF8}.Release|x64.ActiveCfg = Release|Any CPU
		{0A0EA1C2-D220-46FD-8BB3-9850E5A2DBF8}.Release|x64.Build.0 = Release|Any CPU
		{0A0EA1C2-D220-46FD-8BB3-9850E5A2DBF8}.Release|x86.ActiveCfg = Release|Any CPU
		{0A0EA1C2-D220-46FD-8BB3-9850E5A2DBF8}.Release|x86.Build.0 = Release|Any CPU
		{B889B3C0-E4FF-4BA4-A490-CEFCBC872EA7}.Debug|Any CPU.ActiveCfg = Debug|Any CPU
		{B889B3C0-E4FF-4BA4-A490-CEFCBC872EA7}.Debug|Any CPU.Build.0 = Debug|Any CPU
		{B889B3C0-E4FF-4BA4-A490-CEFCBC872EA7}.Debug|ARM.ActiveCfg = Debug|Any CPU
		{B889B3C0-E4FF-4BA4-A490-CEFCBC872EA7}.Debug|ARM.Build.0 = Debug|Any CPU
		{B889B3C0-E4FF-4BA4-A490-CEFCBC872EA7}.Debug|ARM64.ActiveCfg = Debug|Any CPU
		{B889B3C0-E4FF-4BA4-A490-CEFCBC872EA7}.Debug|ARM64.Build.0 = Debug|Any CPU
		{B889B3C0-E4FF-4BA4-A490-CEFCBC872EA7}.Debug|x64.ActiveCfg = Debug|Any CPU
		{B889B3C0-E4FF-4BA4-A490-CEFCBC872EA7}.Debug|x64.Build.0 = Debug|Any CPU
		{B889B3C0-E4FF-4BA4-A490-CEFCBC872EA7}.Debug|x86.ActiveCfg = Debug|Any CPU
		{B889B3C0-E4FF-4BA4-A490-CEFCBC872EA7}.Debug|x86.Build.0 = Debug|Any CPU
		{B889B3C0-E4FF-4BA4-A490-CEFCBC872EA7}.Release|Any CPU.ActiveCfg = Release|Any CPU
		{B889B3C0-E4FF-4BA4-A490-CEFCBC872EA7}.Release|Any CPU.Build.0 = Release|Any CPU
		{B889B3C0-E4FF-4BA4-A490-CEFCBC872EA7}.Release|ARM.ActiveCfg = Release|Any CPU
		{B889B3C0-E4FF-4BA4-A490-CEFCBC872EA7}.Release|ARM.Build.0 = Release|Any CPU
		{B889B3C0-E4FF-4BA4-A490-CEFCBC872EA7}.Release|ARM64.ActiveCfg = Release|Any CPU
		{B889B3C0-E4FF-4BA4-A490-CEFCBC872EA7}.Release|ARM64.Build.0 = Release|Any CPU
		{B889B3C0-E4FF-4BA4-A490-CEFCBC872EA7}.Release|x64.ActiveCfg = Release|Any CPU
		{B889B3C0-E4FF-4BA4-A490-CEFCBC872EA7}.Release|x64.Build.0 = Release|Any CPU
		{B889B3C0-E4FF-4BA4-A490-CEFCBC872EA7}.Release|x86.ActiveCfg = Release|Any CPU
		{B889B3C0-E4FF-4BA4-A490-CEFCBC872EA7}.Release|x86.Build.0 = Release|Any CPU
	EndGlobalSection
	GlobalSection(SolutionProperties) = preSolution
		HideSolutionNode = FALSE
	EndGlobalSection
	GlobalSection(ExtensibilityGlobals) = postSolution
		SolutionGuid = {57827B03-2E2A-4A50-8E85-170A630C0550}
	EndGlobalSection
EndGlobal
